// !$*UTF8*$!
{
	archiveVersion = 1;
	classes = {
	};
	objectVersion = 46;
	objects = {

/* Begin PBXBuildFile section */
		741041D7190A236700425598 /* Foundation.framework in Frameworks */ = {isa = PBXBuildFile; fileRef = 741041D6190A236700425598 /* Foundation.framework */; };
		741041D9190A236700425598 /* CoreGraphics.framework in Frameworks */ = {isa = PBXBuildFile; fileRef = 741041D8190A236700425598 /* CoreGraphics.framework */; };
		741041DB190A236700425598 /* UIKit.framework in Frameworks */ = {isa = PBXBuildFile; fileRef = 741041DA190A236700425598 /* UIKit.framework */; };
		741041E1190A236700425598 /* InfoPlist.strings in Resources */ = {isa = PBXBuildFile; fileRef = 741041DF190A236700425598 /* InfoPlist.strings */; };
		741041E3190A236700425598 /* main.m in Sources */ = {isa = PBXBuildFile; fileRef = 741041E2190A236700425598 /* main.m */; };
		741041E7190A236700425598 /* AppDelegate.m in Sources */ = {isa = PBXBuildFile; fileRef = 741041E6190A236700425598 /* AppDelegate.m */; };
		741041E9190A236700425598 /* Images.xcassets in Resources */ = {isa = PBXBuildFile; fileRef = 741041E8190A236700425598 /* Images.xcassets */; };
		741041F0190A236700425598 /* XCTest.framework in Frameworks */ = {isa = PBXBuildFile; fileRef = 741041EF190A236700425598 /* XCTest.framework */; };
		741041F1190A236700425598 /* Foundation.framework in Frameworks */ = {isa = PBXBuildFile; fileRef = 741041D6190A236700425598 /* Foundation.framework */; };
		741041F2190A236700425598 /* UIKit.framework in Frameworks */ = {isa = PBXBuildFile; fileRef = 741041DA190A236700425598 /* UIKit.framework */; };
		741041FA190A236700425598 /* InfoPlist.strings in Resources */ = {isa = PBXBuildFile; fileRef = 741041F8190A236700425598 /* InfoPlist.strings */; };
		741041FC190A236700425598 /* CrimeRescueTests.m in Sources */ = {isa = PBXBuildFile; fileRef = 741041FB190A236700425598 /* CrimeRescueTests.m */; };
		74104206190A265200425598 /* Storyboard.storyboard in Resources */ = {isa = PBXBuildFile; fileRef = 74104205190A265200425598 /* Storyboard.storyboard */; };
		74104209190A345600425598 /* MainViewController.m in Sources */ = {isa = PBXBuildFile; fileRef = 74104208190A345600425598 /* MainViewController.m */; };
		746095D41910DFA70023AE9D /* UserActivity.m in Sources */ = {isa = PBXBuildFile; fileRef = 746095D31910DFA70023AE9D /* UserActivity.m */; };
		746095D71911BE520023AE9D /* TimeControllerViewController.m in Sources */ = {isa = PBXBuildFile; fileRef = 746095D61911BE520023AE9D /* TimeControllerViewController.m */; };
		746095DC19120EE40023AE9D /* Aired_Leather_840x1136_DARK.jpg in Resources */ = {isa = PBXBuildFile; fileRef = 746095D819120EE30023AE9D /* Aired_Leather_840x1136_DARK.jpg */; };
		746095DD19120EE40023AE9D /* background_ios_by_anto97ism-d61yby0.jpg in Resources */ = {isa = PBXBuildFile; fileRef = 746095D919120EE40023AE9D /* background_ios_by_anto97ism-d61yby0.jpg */; };
		746095DE19120EE40023AE9D /* c0d39c52eb31191eee7e6a21e419ef08_w325_h576_sc.jpg in Resources */ = {isa = PBXBuildFile; fileRef = 746095DA19120EE40023AE9D /* c0d39c52eb31191eee7e6a21e419ef08_w325_h576_sc.jpg */; };
		746095DF19120EE40023AE9D /* Dark-Wood-Texture-iphone-5-wallpaper-ilikewallpaper_com.jpg in Resources */ = {isa = PBXBuildFile; fileRef = 746095DB19120EE40023AE9D /* Dark-Wood-Texture-iphone-5-wallpaper-ilikewallpaper_com.jpg */; };
		74ED173F190B2D9D0090C3BE /* LoginViewController.m in Sources */ = {isa = PBXBuildFile; fileRef = 74ED173E190B2D9D0090C3BE /* LoginViewController.m */; };
		74ED1742190B2DB10090C3BE /* SignUpViewController.m in Sources */ = {isa = PBXBuildFile; fileRef = 74ED1741190B2DB10090C3BE /* SignUpViewController.m */; };
		74ED1744190B40610090C3BE /* Parse.framework in Frameworks */ = {isa = PBXBuildFile; fileRef = 74ED1743190B40610090C3BE /* Parse.framework */; };
		74ED1746190B40A80090C3BE /* AudioToolbox.framework in Frameworks */ = {isa = PBXBuildFile; fileRef = 74ED1745190B40A80090C3BE /* AudioToolbox.framework */; };
		74ED1748190B410B0090C3BE /* CFNetwork.framework in Frameworks */ = {isa = PBXBuildFile; fileRef = 74ED1747190B410B0090C3BE /* CFNetwork.framework */; };
		74ED1750190B41480090C3BE /* CoreLocation.framework in Frameworks */ = {isa = PBXBuildFile; fileRef = 74ED1749190B41480090C3BE /* CoreLocation.framework */; };
		74ED1751190B41480090C3BE /* libz.dylib in Frameworks */ = {isa = PBXBuildFile; fileRef = 74ED174A190B41480090C3BE /* libz.dylib */; };
		74ED1752190B41480090C3BE /* MobileCoreServices.framework in Frameworks */ = {isa = PBXBuildFile; fileRef = 74ED174B190B41480090C3BE /* MobileCoreServices.framework */; };
		74ED1753190B41480090C3BE /* QuartzCore.framework in Frameworks */ = {isa = PBXBuildFile; fileRef = 74ED174C190B41480090C3BE /* QuartzCore.framework */; };
		74ED1754190B41480090C3BE /* Security.framework in Frameworks */ = {isa = PBXBuildFile; fileRef = 74ED174D190B41480090C3BE /* Security.framework */; };
		74ED1755190B41480090C3BE /* StoreKit.framework in Frameworks */ = {isa = PBXBuildFile; fileRef = 74ED174E190B41480090C3BE /* StoreKit.framework */; };
		74ED1756190B41480090C3BE /* SystemConfiguration.framework in Frameworks */ = {isa = PBXBuildFile; fileRef = 74ED174F190B41480090C3BE /* SystemConfiguration.framework */; };
		74ED1758190B97BD0090C3BE /* Wood-Panel-iphone-5s-wallpaper.jpg in Resources */ = {isa = PBXBuildFile; fileRef = 74ED1757190B97BD0090C3BE /* Wood-Panel-iphone-5s-wallpaper.jpg */; };
/* End PBXBuildFile section */

/* Begin PBXContainerItemProxy section */
		741041F3190A236700425598 /* PBXContainerItemProxy */ = {
			isa = PBXContainerItemProxy;
			containerPortal = 741041CB190A236700425598 /* Project object */;
			proxyType = 1;
			remoteGlobalIDString = 741041D2190A236700425598;
			remoteInfo = CrimeRescue;
		};
/* End PBXContainerItemProxy section */

/* Begin PBXFileReference section */
		741041D3190A236700425598 /* CrimeRescue.app */ = {isa = PBXFileReference; explicitFileType = wrapper.application; includeInIndex = 0; path = CrimeRescue.app; sourceTree = BUILT_PRODUCTS_DIR; };
		741041D6190A236700425598 /* Foundation.framework */ = {isa = PBXFileReference; lastKnownFileType = wrapper.framework; name = Foundation.framework; path = System/Library/Frameworks/Foundation.framework; sourceTree = SDKROOT; };
		741041D8190A236700425598 /* CoreGraphics.framework */ = {isa = PBXFileReference; lastKnownFileType = wrapper.framework; name = CoreGraphics.framework; path = System/Library/Frameworks/CoreGraphics.framework; sourceTree = SDKROOT; };
		741041DA190A236700425598 /* UIKit.framework */ = {isa = PBXFileReference; lastKnownFileType = wrapper.framework; name = UIKit.framework; path = System/Library/Frameworks/UIKit.framework; sourceTree = SDKROOT; };
		741041DE190A236700425598 /* CrimeRescue-Info.plist */ = {isa = PBXFileReference; lastKnownFileType = text.plist.xml; path = "CrimeRescue-Info.plist"; sourceTree = "<group>"; };
		741041E0190A236700425598 /* en */ = {isa = PBXFileReference; lastKnownFileType = text.plist.strings; name = en; path = en.lproj/InfoPlist.strings; sourceTree = "<group>"; };
		741041E2190A236700425598 /* main.m */ = {isa = PBXFileReference; lastKnownFileType = sourcecode.c.objc; path = main.m; sourceTree = "<group>"; };
		741041E4190A236700425598 /* CrimeRescue-Prefix.pch */ = {isa = PBXFileReference; lastKnownFileType = sourcecode.c.h; path = "CrimeRescue-Prefix.pch"; sourceTree = "<group>"; };
		741041E5190A236700425598 /* AppDelegate.h */ = {isa = PBXFileReference; lastKnownFileType = sourcecode.c.h; path = AppDelegate.h; sourceTree = "<group>"; };
		741041E6190A236700425598 /* AppDelegate.m */ = {isa = PBXFileReference; lastKnownFileType = sourcecode.c.objc; path = AppDelegate.m; sourceTree = "<group>"; };
		741041E8190A236700425598 /* Images.xcassets */ = {isa = PBXFileReference; lastKnownFileType = folder.assetcatalog; path = Images.xcassets; sourceTree = "<group>"; };
		741041EE190A236700425598 /* CrimeRescueTests.xctest */ = {isa = PBXFileReference; explicitFileType = wrapper.cfbundle; includeInIndex = 0; path = CrimeRescueTests.xctest; sourceTree = BUILT_PRODUCTS_DIR; };
		741041EF190A236700425598 /* XCTest.framework */ = {isa = PBXFileReference; lastKnownFileType = wrapper.framework; name = XCTest.framework; path = Library/Frameworks/XCTest.framework; sourceTree = DEVELOPER_DIR; };
		741041F7190A236700425598 /* CrimeRescueTests-Info.plist */ = {isa = PBXFileReference; lastKnownFileType = text.plist.xml; path = "CrimeRescueTests-Info.plist"; sourceTree = "<group>"; };
		741041F9190A236700425598 /* en */ = {isa = PBXFileReference; lastKnownFileType = text.plist.strings; name = en; path = en.lproj/InfoPlist.strings; sourceTree = "<group>"; };
		741041FB190A236700425598 /* CrimeRescueTests.m */ = {isa = PBXFileReference; lastKnownFileType = sourcecode.c.objc; path = CrimeRescueTests.m; sourceTree = "<group>"; };
		74104205190A265200425598 /* Storyboard.storyboard */ = {isa = PBXFileReference; fileEncoding = 4; lastKnownFileType = file.storyboard; path = Storyboard.storyboard; sourceTree = "<group>"; };
		74104207190A345600425598 /* MainViewController.h */ = {isa = PBXFileReference; fileEncoding = 4; lastKnownFileType = sourcecode.c.h; path = MainViewController.h; sourceTree = "<group>"; };
		74104208190A345600425598 /* MainViewController.m */ = {isa = PBXFileReference; fileEncoding = 4; lastKnownFileType = sourcecode.c.objc; path = MainViewController.m; sourceTree = "<group>"; };
		746095D21910DFA70023AE9D /* UserActivity.h */ = {isa = PBXFileReference; fileEncoding = 4; lastKnownFileType = sourcecode.c.h; path = UserActivity.h; sourceTree = "<group>"; };
		746095D31910DFA70023AE9D /* UserActivity.m */ = {isa = PBXFileReference; fileEncoding = 4; lastKnownFileType = sourcecode.c.objc; path = UserActivity.m; sourceTree = "<group>"; };
		746095D51911BE520023AE9D /* TimeControllerViewController.h */ = {isa = PBXFileReference; fileEncoding = 4; lastKnownFileType = sourcecode.c.h; path = TimeControllerViewController.h; sourceTree = "<group>"; };
		746095D61911BE520023AE9D /* TimeControllerViewController.m */ = {isa = PBXFileReference; fileEncoding = 4; lastKnownFileType = sourcecode.c.objc; path = TimeControllerViewController.m; sourceTree = "<group>"; };
		746095D819120EE30023AE9D /* Aired_Leather_840x1136_DARK.jpg */ = {isa = PBXFileReference; lastKnownFileType = image.jpeg; path = Aired_Leather_840x1136_DARK.jpg; sourceTree = "<group>"; };
		746095D919120EE40023AE9D /* background_ios_by_anto97ism-d61yby0.jpg */ = {isa = PBXFileReference; lastKnownFileType = image.jpeg; path = "background_ios_by_anto97ism-d61yby0.jpg"; sourceTree = "<group>"; };
		746095DA19120EE40023AE9D /* c0d39c52eb31191eee7e6a21e419ef08_w325_h576_sc.jpg */ = {isa = PBXFileReference; lastKnownFileType = image.jpeg; path = c0d39c52eb31191eee7e6a21e419ef08_w325_h576_sc.jpg; sourceTree = "<group>"; };
		746095DB19120EE40023AE9D /* Dark-Wood-Texture-iphone-5-wallpaper-ilikewallpaper_com.jpg */ = {isa = PBXFileReference; lastKnownFileType = image.jpeg; path = "Dark-Wood-Texture-iphone-5-wallpaper-ilikewallpaper_com.jpg"; sourceTree = "<group>"; };
		74ED173D190B2D9D0090C3BE /* LoginViewController.h */ = {isa = PBXFileReference; fileEncoding = 4; lastKnownFileType = sourcecode.c.h; name = LoginViewController.h; path = ../LoginViewController.h; sourceTree = "<group>"; };
		74ED173E190B2D9D0090C3BE /* LoginViewController.m */ = {isa = PBXFileReference; fileEncoding = 4; lastKnownFileType = sourcecode.c.objc; name = LoginViewController.m; path = ../LoginViewController.m; sourceTree = "<group>"; };
		74ED1740190B2DB10090C3BE /* SignUpViewController.h */ = {isa = PBXFileReference; fileEncoding = 4; lastKnownFileType = sourcecode.c.h; name = SignUpViewController.h; path = ../SignUpViewController.h; sourceTree = "<group>"; };
		74ED1741190B2DB10090C3BE /* SignUpViewController.m */ = {isa = PBXFileReference; fileEncoding = 4; lastKnownFileType = sourcecode.c.objc; name = SignUpViewController.m; path = ../SignUpViewController.m; sourceTree = "<group>"; };
		74ED1743190B40610090C3BE /* Parse.framework */ = {isa = PBXFileReference; lastKnownFileType = wrapper.framework; path = Parse.framework; sourceTree = "<group>"; };
		74ED1745190B40A80090C3BE /* AudioToolbox.framework */ = {isa = PBXFileReference; lastKnownFileType = wrapper.framework; name = AudioToolbox.framework; path = System/Library/Frameworks/AudioToolbox.framework; sourceTree = SDKROOT; };
		74ED1747190B410B0090C3BE /* CFNetwork.framework */ = {isa = PBXFileReference; lastKnownFileType = wrapper.framework; name = CFNetwork.framework; path = System/Library/Frameworks/CFNetwork.framework; sourceTree = SDKROOT; };
		74ED1749190B41480090C3BE /* CoreLocation.framework */ = {isa = PBXFileReference; lastKnownFileType = wrapper.framework; name = CoreLocation.framework; path = System/Library/Frameworks/CoreLocation.framework; sourceTree = SDKROOT; };
		74ED174A190B41480090C3BE /* libz.dylib */ = {isa = PBXFileReference; lastKnownFileType = "compiled.mach-o.dylib"; name = libz.dylib; path = usr/lib/libz.dylib; sourceTree = SDKROOT; };
		74ED174B190B41480090C3BE /* MobileCoreServices.framework */ = {isa = PBXFileReference; lastKnownFileType = wrapper.framework; name = MobileCoreServices.framework; path = System/Library/Frameworks/MobileCoreServices.framework; sourceTree = SDKROOT; };
		74ED174C190B41480090C3BE /* QuartzCore.framework */ = {isa = PBXFileReference; lastKnownFileType = wrapper.framework; name = QuartzCore.framework; path = System/Library/Frameworks/QuartzCore.framework; sourceTree = SDKROOT; };
		74ED174D190B41480090C3BE /* Security.framework */ = {isa = PBXFileReference; lastKnownFileType = wrapper.framework; name = Security.framework; path = System/Library/Frameworks/Security.framework; sourceTree = SDKROOT; };
		74ED174E190B41480090C3BE /* StoreKit.framework */ = {isa = PBXFileReference; lastKnownFileType = wrapper.framework; name = StoreKit.framework; path = System/Library/Frameworks/StoreKit.framework; sourceTree = SDKROOT; };
		74ED174F190B41480090C3BE /* SystemConfiguration.framework */ = {isa = PBXFileReference; lastKnownFileType = wrapper.framework; name = SystemConfiguration.framework; path = System/Library/Frameworks/SystemConfiguration.framework; sourceTree = SDKROOT; };
		74ED1757190B97BD0090C3BE /* Wood-Panel-iphone-5s-wallpaper.jpg */ = {isa = PBXFileReference; lastKnownFileType = image.jpeg; name = "Wood-Panel-iphone-5s-wallpaper.jpg"; path = "../../../Wood-Panel-iphone-5s-wallpaper.jpg"; sourceTree = "<group>"; };
/* End PBXFileReference section */

/* Begin PBXFrameworksBuildPhase section */
		741041D0190A236700425598 /* Frameworks */ = {
			isa = PBXFrameworksBuildPhase;
			buildActionMask = 2147483647;
			files = (
				74ED1750190B41480090C3BE /* CoreLocation.framework in Frameworks */,
				74ED1751190B41480090C3BE /* libz.dylib in Frameworks */,
				74ED1752190B41480090C3BE /* MobileCoreServices.framework in Frameworks */,
				74ED1753190B41480090C3BE /* QuartzCore.framework in Frameworks */,
				74ED1754190B41480090C3BE /* Security.framework in Frameworks */,
				74ED1755190B41480090C3BE /* StoreKit.framework in Frameworks */,
				74ED1756190B41480090C3BE /* SystemConfiguration.framework in Frameworks */,
				74ED1748190B410B0090C3BE /* CFNetwork.framework in Frameworks */,
				741041D9190A236700425598 /* CoreGraphics.framework in Frameworks */,
				74ED1746190B40A80090C3BE /* AudioToolbox.framework in Frameworks */,
				741041DB190A236700425598 /* UIKit.framework in Frameworks */,
				74ED1744190B40610090C3BE /* Parse.framework in Frameworks */,
				741041D7190A236700425598 /* Foundation.framework in Frameworks */,
			);
			runOnlyForDeploymentPostprocessing = 0;
		};
		741041EB190A236700425598 /* Frameworks */ = {
			isa = PBXFrameworksBuildPhase;
			buildActionMask = 2147483647;
			files = (
				741041F0190A236700425598 /* XCTest.framework in Frameworks */,
				741041F2190A236700425598 /* UIKit.framework in Frameworks */,
				741041F1190A236700425598 /* Foundation.framework in Frameworks */,
			);
			runOnlyForDeploymentPostprocessing = 0;
		};
/* End PBXFrameworksBuildPhase section */

/* Begin PBXGroup section */
		741041CA190A236700425598 = {
			isa = PBXGroup;
			children = (
				741041DC190A236700425598 /* CrimeRescue */,
				741041F5190A236700425598 /* CrimeRescueTests */,
				741041D5190A236700425598 /* Frameworks */,
				741041D4190A236700425598 /* Products */,
				746095D819120EE30023AE9D /* Aired_Leather_840x1136_DARK.jpg */,
				746095D919120EE40023AE9D /* background_ios_by_anto97ism-d61yby0.jpg */,
				746095DA19120EE40023AE9D /* c0d39c52eb31191eee7e6a21e419ef08_w325_h576_sc.jpg */,
				746095DB19120EE40023AE9D /* Dark-Wood-Texture-iphone-5-wallpaper-ilikewallpaper_com.jpg */,
			);
			sourceTree = "<group>";
		};
		741041D4190A236700425598 /* Products */ = {
			isa = PBXGroup;
			children = (
				741041D3190A236700425598 /* CrimeRescue.app */,
				741041EE190A236700425598 /* CrimeRescueTests.xctest */,
			);
			name = Products;
			sourceTree = "<group>";
		};
		741041D5190A236700425598 /* Frameworks */ = {
			isa = PBXGroup;
			children = (
				74ED1749190B41480090C3BE /* CoreLocation.framework */,
				74ED174A190B41480090C3BE /* libz.dylib */,
				74ED174B190B41480090C3BE /* MobileCoreServices.framework */,
				74ED174C190B41480090C3BE /* QuartzCore.framework */,
				74ED174D190B41480090C3BE /* Security.framework */,
				74ED174E190B41480090C3BE /* StoreKit.framework */,
				74ED174F190B41480090C3BE /* SystemConfiguration.framework */,
				74ED1747190B410B0090C3BE /* CFNetwork.framework */,
				74ED1745190B40A80090C3BE /* AudioToolbox.framework */,
				74ED1743190B40610090C3BE /* Parse.framework */,
				741041D6190A236700425598 /* Foundation.framework */,
				741041D8190A236700425598 /* CoreGraphics.framework */,
				741041DA190A236700425598 /* UIKit.framework */,
				741041EF190A236700425598 /* XCTest.framework */,
			);
			name = Frameworks;
			sourceTree = "<group>";
		};
		741041DC190A236700425598 /* CrimeRescue */ = {
			isa = PBXGroup;
			children = (
				74104205190A265200425598 /* Storyboard.storyboard */,
				74104207190A345600425598 /* MainViewController.h */,
				74104208190A345600425598 /* MainViewController.m */,
				74ED1740190B2DB10090C3BE /* SignUpViewController.h */,
				74ED1741190B2DB10090C3BE /* SignUpViewController.m */,
				74ED173D190B2D9D0090C3BE /* LoginViewController.h */,
				74ED173E190B2D9D0090C3BE /* LoginViewController.m */,
				741041E5190A236700425598 /* AppDelegate.h */,
				741041E6190A236700425598 /* AppDelegate.m */,
				746095D21910DFA70023AE9D /* UserActivity.h */,
				746095D31910DFA70023AE9D /* UserActivity.m */,
				746095D51911BE520023AE9D /* TimeControllerViewController.h */,
				746095D61911BE520023AE9D /* TimeControllerViewController.m */,
				741041E8190A236700425598 /* Images.xcassets */,
				74ED1757190B97BD0090C3BE /* Wood-Panel-iphone-5s-wallpaper.jpg */,
				741041DD190A236700425598 /* Supporting Files */,
			);
			path = CrimeRescue;
			sourceTree = "<group>";
		};
		741041DD190A236700425598 /* Supporting Files */ = {
			isa = PBXGroup;
			children = (
				741041DE190A236700425598 /* CrimeRescue-Info.plist */,
				741041DF190A236700425598 /* InfoPlist.strings */,
				741041E2190A236700425598 /* main.m */,
				741041E4190A236700425598 /* CrimeRescue-Prefix.pch */,
			);
			name = "Supporting Files";
			sourceTree = "<group>";
		};
		741041F5190A236700425598 /* CrimeRescueTests */ = {
			isa = PBXGroup;
			children = (
				741041FB190A236700425598 /* CrimeRescueTests.m */,
				741041F6190A236700425598 /* Supporting Files */,
			);
			path = CrimeRescueTests;
			sourceTree = "<group>";
		};
		741041F6190A236700425598 /* Supporting Files */ = {
			isa = PBXGroup;
			children = (
				741041F7190A236700425598 /* CrimeRescueTests-Info.plist */,
				741041F8190A236700425598 /* InfoPlist.strings */,
			);
			name = "Supporting Files";
			sourceTree = "<group>";
		};
/* End PBXGroup section */

/* Begin PBXNativeTarget section */
		741041D2190A236700425598 /* CrimeRescue */ = {
			isa = PBXNativeTarget;
			buildConfigurationList = 741041FF190A236700425598 /* Build configuration list for PBXNativeTarget "CrimeRescue" */;
			buildPhases = (
				741041CF190A236700425598 /* Sources */,
				741041D0190A236700425598 /* Frameworks */,
				741041D1190A236700425598 /* Resources */,
			);
			buildRules = (
			);
			dependencies = (
			);
			name = CrimeRescue;
			productName = CrimeRescue;
			productReference = 741041D3190A236700425598 /* CrimeRescue.app */;
			productType = "com.apple.product-type.application";
		};
		741041ED190A236700425598 /* CrimeRescueTests */ = {
			isa = PBXNativeTarget;
			buildConfigurationList = 74104202190A236700425598 /* Build configuration list for PBXNativeTarget "CrimeRescueTests" */;
			buildPhases = (
				741041EA190A236700425598 /* Sources */,
				741041EB190A236700425598 /* Frameworks */,
				741041EC190A236700425598 /* Resources */,
			);
			buildRules = (
			);
			dependencies = (
				741041F4190A236700425598 /* PBXTargetDependency */,
			);
			name = CrimeRescueTests;
			productName = CrimeRescueTests;
			productReference = 741041EE190A236700425598 /* CrimeRescueTests.xctest */;
			productType = "com.apple.product-type.bundle.unit-test";
		};
/* End PBXNativeTarget section */

/* Begin PBXProject section */
		741041CB190A236700425598 /* Project object */ = {
			isa = PBXProject;
			attributes = {
				LastUpgradeCheck = 0510;
				ORGANIZATIONNAME = "Aswin Akhilesh";
				TargetAttributes = {
					741041ED190A236700425598 = {
						TestTargetID = 741041D2190A236700425598;
					};
				};
			};
			buildConfigurationList = 741041CE190A236700425598 /* Build configuration list for PBXProject "CrimeRescue" */;
			compatibilityVersion = "Xcode 3.2";
			developmentRegion = English;
			hasScannedForEncodings = 0;
			knownRegions = (
				en,
			);
			mainGroup = 741041CA190A236700425598;
			productRefGroup = 741041D4190A236700425598 /* Products */;
			projectDirPath = "";
			projectRoot = "";
			targets = (
				741041D2190A236700425598 /* CrimeRescue */,
				741041ED190A236700425598 /* CrimeRescueTests */,
			);
		};
/* End PBXProject section */

/* Begin PBXResourcesBuildPhase section */
		741041D1190A236700425598 /* Resources */ = {
			isa = PBXResourcesBuildPhase;
			buildActionMask = 2147483647;
			files = (
				746095DF19120EE40023AE9D /* Dark-Wood-Texture-iphone-5-wallpaper-ilikewallpaper_com.jpg in Resources */,
				741041E1190A236700425598 /* InfoPlist.strings in Resources */,
				74ED1758190B97BD0090C3BE /* Wood-Panel-iphone-5s-wallpaper.jpg in Resources */,
				746095DD19120EE40023AE9D /* background_ios_by_anto97ism-d61yby0.jpg in Resources */,
				746095DC19120EE40023AE9D /* Aired_Leather_840x1136_DARK.jpg in Resources */,
				741041E9190A236700425598 /* Images.xcassets in Resources */,
				74104206190A265200425598 /* Storyboard.storyboard in Resources */,
				746095DE19120EE40023AE9D /* c0d39c52eb31191eee7e6a21e419ef08_w325_h576_sc.jpg in Resources */,
			);
			runOnlyForDeploymentPostprocessing = 0;
		};
		741041EC190A236700425598 /* Resources */ = {
			isa = PBXResourcesBuildPhase;
			buildActionMask = 2147483647;
			files = (
				741041FA190A236700425598 /* InfoPlist.strings in Resources */,
			);
			runOnlyForDeploymentPostprocessing = 0;
		};
/* End PBXResourcesBuildPhase section */

/* Begin PBXSourcesBuildPhase section */
		741041CF190A236700425598 /* Sources */ = {
			isa = PBXSourcesBuildPhase;
			buildActionMask = 2147483647;
			files = (
				746095D71911BE520023AE9D /* TimeControllerViewController.m in Sources */,
				74ED173F190B2D9D0090C3BE /* LoginViewController.m in Sources */,
				74ED1742190B2DB10090C3BE /* SignUpViewController.m in Sources */,
				741041E7190A236700425598 /* AppDelegate.m in Sources */,
				746095D41910DFA70023AE9D /* UserActivity.m in Sources */,
				74104209190A345600425598 /* MainViewController.m in Sources */,
				741041E3190A236700425598 /* main.m in Sources */,
			);
			runOnlyForDeploymentPostprocessing = 0;
		};
		741041EA190A236700425598 /* Sources */ = {
			isa = PBXSourcesBuildPhase;
			buildActionMask = 2147483647;
			files = (
				741041FC190A236700425598 /* CrimeRescueTests.m in Sources */,
			);
			runOnlyForDeploymentPostprocessing = 0;
		};
/* End PBXSourcesBuildPhase section */

/* Begin PBXTargetDependency section */
		741041F4190A236700425598 /* PBXTargetDependency */ = {
			isa = PBXTargetDependency;
			target = 741041D2190A236700425598 /* CrimeRescue */;
			targetProxy = 741041F3190A236700425598 /* PBXContainerItemProxy */;
		};
/* End PBXTargetDependency section */

/* Begin PBXVariantGroup section */
		741041DF190A236700425598 /* InfoPlist.strings */ = {
			isa = PBXVariantGroup;
			children = (
				741041E0190A236700425598 /* en */,
			);
			name = InfoPlist.strings;
			sourceTree = "<group>";
		};
		741041F8190A236700425598 /* InfoPlist.strings */ = {
			isa = PBXVariantGroup;
			children = (
				741041F9190A236700425598 /* en */,
			);
			name = InfoPlist.strings;
			sourceTree = "<group>";
		};
/* End PBXVariantGroup section */

/* Begin XCBuildConfiguration section */
		741041FD190A236700425598 /* Debug */ = {
			isa = XCBuildConfiguration;
			buildSettings = {
				ALWAYS_SEARCH_USER_PATHS = NO;
				CLANG_CXX_LANGUAGE_STANDARD = "gnu++0x";
				CLANG_CXX_LIBRARY = "libc++";
				CLANG_ENABLE_MODULES = YES;
				CLANG_ENABLE_OBJC_ARC = NO;
				CLANG_WARN_BOOL_CONVERSION = YES;
				CLANG_WARN_CONSTANT_CONVERSION = YES;
				CLANG_WARN_DIRECT_OBJC_ISA_USAGE = YES_ERROR;
				CLANG_WARN_EMPTY_BODY = YES;
				CLANG_WARN_ENUM_CONVERSION = YES;
				CLANG_WARN_INT_CONVERSION = YES;
				CLANG_WARN_OBJC_ROOT_CLASS = YES_ERROR;
				CLANG_WARN__DUPLICATE_METHOD_MATCH = YES;
				"CODE_SIGN_IDENTITY[sdk=iphoneos*]" = "iPhone Developer";
				COPY_PHASE_STRIP = NO;
				GCC_C_LANGUAGE_STANDARD = gnu99;
				GCC_DYNAMIC_NO_PIC = NO;
				GCC_OPTIMIZATION_LEVEL = 0;
				GCC_PREPROCESSOR_DEFINITIONS = (
					"DEBUG=1",
					"$(inherited)",
				);
				GCC_SYMBOLS_PRIVATE_EXTERN = NO;
				GCC_WARN_64_TO_32_BIT_CONVERSION = YES;
				GCC_WARN_ABOUT_RETURN_TYPE = YES_ERROR;
				GCC_WARN_UNDECLARED_SELECTOR = YES;
				GCC_WARN_UNINITIALIZED_AUTOS = YES_AGGRESSIVE;
				GCC_WARN_UNUSED_FUNCTION = YES;
				GCC_WARN_UNUSED_VARIABLE = YES;
				IPHONEOS_DEPLOYMENT_TARGET = 7.1;
				ONLY_ACTIVE_ARCH = YES;
				SDKROOT = iphoneos;
			};
			name = Debug;
		};
		741041FE190A236700425598 /* Release */ = {
			isa = XCBuildConfiguration;
			buildSettings = {
				ALWAYS_SEARCH_USER_PATHS = NO;
				CLANG_CXX_LANGUAGE_STANDARD = "gnu++0x";
				CLANG_CXX_LIBRARY = "libc++";
				CLANG_ENABLE_MODULES = YES;
				CLANG_ENABLE_OBJC_ARC = NO;
				CLANG_WARN_BOOL_CONVERSION = YES;
				CLANG_WARN_CONSTANT_CONVERSION = YES;
				CLANG_WARN_DIRECT_OBJC_ISA_USAGE = YES_ERROR;
				CLANG_WARN_EMPTY_BODY = YES;
				CLANG_WARN_ENUM_CONVERSION = YES;
				CLANG_WARN_INT_CONVERSION = YES;
				CLANG_WARN_OBJC_ROOT_CLASS = YES_ERROR;
				CLANG_WARN__DUPLICATE_METHOD_MATCH = YES;
				"CODE_SIGN_IDENTITY[sdk=iphoneos*]" = "iPhone Developer";
				COPY_PHASE_STRIP = YES;
				ENABLE_NS_ASSERTIONS = YES;
				GCC_C_LANGUAGE_STANDARD = gnu99;
				GCC_WARN_64_TO_32_BIT_CONVERSION = YES;
				GCC_WARN_ABOUT_RETURN_TYPE = YES_ERROR;
				GCC_WARN_UNDECLARED_SELECTOR = YES;
				GCC_WARN_UNINITIALIZED_AUTOS = YES_AGGRESSIVE;
				GCC_WARN_UNUSED_FUNCTION = YES;
				GCC_WARN_UNUSED_VARIABLE = YES;
				IPHONEOS_DEPLOYMENT_TARGET = 7.1;
				SDKROOT = iphoneos;
				VALIDATE_PRODUCT = YES;
			};
			name = Release;
		};
		74104200190A236700425598 /* Debug */ = {
			isa = XCBuildConfiguration;
			buildSettings = {
				ASSETCATALOG_COMPILER_APPICON_NAME = AppIcon;
				ASSETCATALOG_COMPILER_LAUNCHIMAGE_NAME = LaunchImage;
				FRAMEWORK_SEARCH_PATHS = (
					"$(inherited)",
					"$(PROJECT_DIR)",
				);
				GCC_PRECOMPILE_PREFIX_HEADER = YES;
				GCC_PREFIX_HEADER = "CrimeRescue/CrimeRescue-Prefix.pch";
				INFOPLIST_FILE = "CrimeRescue/CrimeRescue-Info.plist";
				IPHONEOS_DEPLOYMENT_TARGET = 7.0;
				PRODUCT_NAME = "$(TARGET_NAME)";
				WRAPPER_EXTENSION = app;
			};
			name = Debug;
		};
		74104201190A236700425598 /* Release */ = {
			isa = XCBuildConfiguration;
			buildSettings = {
				ASSETCATALOG_COMPILER_APPICON_NAME = AppIcon;
				ASSETCATALOG_COMPILER_LAUNCHIMAGE_NAME = LaunchImage;
				FRAMEWORK_SEARCH_PATHS = (
					"$(inherited)",
					"$(PROJECT_DIR)",
				);
				GCC_PRECOMPILE_PREFIX_HEADER = YES;
				GCC_PREFIX_HEADER = "CrimeRescue/CrimeRescue-Prefix.pch";
				INFOPLIST_FILE = "CrimeRescue/CrimeRescue-Info.plist";
				IPHONEOS_DEPLOYMENT_TARGET = 7.0;
				PRODUCT_NAME = "$(TARGET_NAME)";
				WRAPPER_EXTENSION = app;
			};
			name = Release;
		};
		74104203190A236700425598 /* Debug */ = {
			isa = XCBuildConfiguration;
			buildSettings = {
				BUNDLE_LOADER = "$(BUILT_PRODUCTS_DIR)/CrimeRescue.app/CrimeRescue";
				FRAMEWORK_SEARCH_PATHS = (
					"$(SDKROOT)/Developer/Library/Frameworks",
					"$(inherited)",
					"$(DEVELOPER_FRAMEWORKS_DIR)",
				);
				GCC_PRECOMPILE_PREFIX_HEADER = YES;
				GCC_PREFIX_HEADER = "CrimeRescue/CrimeRescue-Prefix.pch";
				GCC_PREPROCESSOR_DEFINITIONS = (
					"DEBUG=1",
					"$(inherited)",
				);
				INFOPLIST_FILE = "CrimeRescueTests/CrimeRescueTests-Info.plist";
				PRODUCT_NAME = "$(TARGET_NAME)";
				TEST_HOST = "$(BUNDLE_LOADER)";
				WRAPPER_EXTENSION = xctest;
			};
			name = Debug;
		};
		74104204190A236700425598 /* Release */ = {
			isa = XCBuildConfiguration;
			buildSettings = {
				BUNDLE_LOADER = "$(BUILT_PRODUCTS_DIR)/CrimeRescue.app/CrimeRescue";
				FRAMEWORK_SEARCH_PATHS = (
					"$(SDKROOT)/Developer/Library/Frameworks",
					"$(inherited)",
					"$(DEVELOPER_FRAMEWORKS_DIR)",
				);
				GCC_PRECOMPILE_PREFIX_HEADER = YES;
				GCC_PREFIX_HEADER = "CrimeRescue/CrimeRescue-Prefix.pch";
				INFOPLIST_FILE = "CrimeRescueTests/CrimeRescueTests-Info.plist";
				PRODUCT_NAME = "$(TARGET_NAME)";
				TEST_HOST = "$(BUNDLE_LOADER)";
				WRAPPER_EXTENSION = xctest;
			};
			name = Release;
		};
/* End XCBuildConfiguration section */

/* Begin XCConfigurationList section */
		741041CE190A236700425598 /* Build configuration list for PBXProject "CrimeRescue" */ = {
			isa = XCConfigurationList;
			buildConfigurations = (
				741041FD190A236700425598 /* Debug */,
				741041FE190A236700425598 /* Release */,
			);
			defaultConfigurationIsVisible = 0;
			defaultConfigurationName = Release;
		};
		741041FF190A236700425598 /* Build configuration list for PBXNativeTarget "CrimeRescue" */ = {
			isa = XCConfigurationList;
			buildConfigurations = (
				74104200190A236700425598 /* Debug */,
				74104201190A236700425598 /* Release */,
			);
			defaultConfigurationIsVisible = 0;
			defaultConfigurationName = Release;
		};
		74104202190A236700425598 /* Build configuration list for PBXNativeTarget "CrimeRescueTests" */ = {
			isa = XCConfigurationList;
			buildConfigurations = (
				74104203190A236700425598 /* Debug */,
				74104204190A236700425598 /* Release */,
			);
			defaultConfigurationIsVisible = 0;
			defaultConfigurationName = Release;
		};
/* End XCConfigurationList section */
	};
	rootObject = 741041CB190A236700425598 /* Project object */;
}
